// !$*UTF8*$!
{
	archiveVersion = 1;
	classes = {
	};
	objectVersion = 56;
	objects = {

/* Begin PBXBuildFile section */
		02610F4F2B3E86B600722BC1 /* AppDelegate.swift in Sources */ = {isa = PBXBuildFile; fileRef = 02610F4E2B3E86B600722BC1 /* AppDelegate.swift */; };
		02610F512B3E86B600722BC1 /* SceneDelegate.swift in Sources */ = {isa = PBXBuildFile; fileRef = 02610F502B3E86B600722BC1 /* SceneDelegate.swift */; };
		02610F532B3E86B600722BC1 /* ViewController.swift in Sources */ = {isa = PBXBuildFile; fileRef = 02610F522B3E86B600722BC1 /* ViewController.swift */; };
		02610F562B3E86B600722BC1 /* Main.storyboard in Resources */ = {isa = PBXBuildFile; fileRef = 02610F542B3E86B600722BC1 /* Main.storyboard */; };
		02610F582B3E86B900722BC1 /* Assets.xcassets in Resources */ = {isa = PBXBuildFile; fileRef = 02610F572B3E86B800722BC1 /* Assets.xcassets */; };
		02610F5B2B3E86B900722BC1 /* LaunchScreen.storyboard in Resources */ = {isa = PBXBuildFile; fileRef = 02610F592B3E86B900722BC1 /* LaunchScreen.storyboard */; };
		02610F662B3E86B900722BC1 /* QuizeeeTests.swift in Sources */ = {isa = PBXBuildFile; fileRef = 02610F652B3E86B900722BC1 /* QuizeeeTests.swift */; };
		02610F702B3E86B900722BC1 /* QuizeeeUITests.swift in Sources */ = {isa = PBXBuildFile; fileRef = 02610F6F2B3E86B900722BC1 /* QuizeeeUITests.swift */; };
		02610F722B3E86B900722BC1 /* QuizeeeUITestsLaunchTests.swift in Sources */ = {isa = PBXBuildFile; fileRef = 02610F712B3E86B900722BC1 /* QuizeeeUITestsLaunchTests.swift */; };
/* End PBXBuildFile section */

/* Begin PBXContainerItemProxy section */
		02610F622B3E86B900722BC1 /* PBXContainerItemProxy */ = {
			isa = PBXContainerItemProxy;
			containerPortal = 02610F432B3E86B600722BC1 /* Project object */;
			proxyType = 1;
			remoteGlobalIDString = 02610F4A2B3E86B600722BC1;
			remoteInfo = Quizeee;
		};
		02610F6C2B3E86B900722BC1 /* PBXContainerItemProxy */ = {
			isa = PBXContainerItemProxy;
			containerPortal = 02610F432B3E86B600722BC1 /* Project object */;
			proxyType = 1;
			remoteGlobalIDString = 02610F4A2B3E86B600722BC1;
			remoteInfo = Quizeee;
		};
/* End PBXContainerItemProxy section */

/* Begin PBXFileReference section */
		02610F4B2B3E86B600722BC1 /* Quizeee.app */ = {isa = PBXFileReference; explicitFileType = wrapper.application; includeInIndex = 0; path = Quizeee.app; sourceTree = BUILT_PRODUCTS_DIR; };
		02610F4E2B3E86B600722BC1 /* AppDelegate.swift */ = {isa = PBXFileReference; lastKnownFileType = sourcecode.swift; path = AppDelegate.swift; sourceTree = "<group>"; };
		02610F502B3E86B600722BC1 /* SceneDelegate.swift */ = {isa = PBXFileReference; lastKnownFileType = sourcecode.swift; path = SceneDelegate.swift; sourceTree = "<group>"; };
		02610F522B3E86B600722BC1 /* ViewController.swift */ = {isa = PBXFileReference; lastKnownFileType = sourcecode.swift; path = ViewController.swift; sourceTree = "<group>"; };
		02610F552B3E86B600722BC1 /* Base */ = {isa = PBXFileReference; lastKnownFileType = file.storyboard; name = Base; path = Base.lproj/Main.storyboard; sourceTree = "<group>"; };
		02610F572B3E86B800722BC1 /* Assets.xcassets */ = {isa = PBXFileReference; lastKnownFileType = folder.assetcatalog; path = Assets.xcassets; sourceTree = "<group>"; };
		02610F5A2B3E86B900722BC1 /* Base */ = {isa = PBXFileReference; lastKnownFileType = file.storyboard; name = Base; path = Base.lproj/LaunchScreen.storyboard; sourceTree = "<group>"; };
		02610F5C2B3E86B900722BC1 /* Info.plist */ = {isa = PBXFileReference; lastKnownFileType = text.plist.xml; path = Info.plist; sourceTree = "<group>"; };
		02610F612B3E86B900722BC1 /* QuizeeeTests.xctest */ = {isa = PBXFileReference; explicitFileType = wrapper.cfbundle; includeInIndex = 0; path = QuizeeeTests.xctest; sourceTree = BUILT_PRODUCTS_DIR; };
		02610F652B3E86B900722BC1 /* QuizeeeTests.swift */ = {isa = PBXFileReference; lastKnownFileType = sourcecode.swift; path = QuizeeeTests.swift; sourceTree = "<group>"; };
		02610F6B2B3E86B900722BC1 /* QuizeeeUITests.xctest */ = {isa = PBXFileReference; explicitFileType = wrapper.cfbundle; includeInIndex = 0; path = QuizeeeUITests.xctest; sourceTree = BUILT_PRODUCTS_DIR; };
		02610F6F2B3E86B900722BC1 /* QuizeeeUITests.swift */ = {isa = PBXFileReference; lastKnownFileType = sourcecode.swift; path = QuizeeeUITests.swift; sourceTree = "<group>"; };
		02610F712B3E86B900722BC1 /* QuizeeeUITestsLaunchTests.swift */ = {isa = PBXFileReference; lastKnownFileType = sourcecode.swift; path = QuizeeeUITestsLaunchTests.swift; sourceTree = "<group>"; };
/* End PBXFileReference section */

/* Begin PBXFrameworksBuildPhase section */
		02610F482B3E86B600722BC1 /* Frameworks */ = {
			isa = PBXFrameworksBuildPhase;
			buildActionMask = 2147483647;
			files = (
			);
			runOnlyForDeploymentPostprocessing = 0;
		};
		02610F5E2B3E86B900722BC1 /* Frameworks */ = {
			isa = PBXFrameworksBuildPhase;
			buildActionMask = 2147483647;
			files = (
			);
			runOnlyForDeploymentPostprocessing = 0;
		};
		02610F682B3E86B900722BC1 /* Frameworks */ = {
			isa = PBXFrameworksBuildPhase;
			buildActionMask = 2147483647;
			files = (
			);
			runOnlyForDeploymentPostprocessing = 0;
		};
/* End PBXFrameworksBuildPhase section */

/* Begin PBXGroup section */
		02610F422B3E86B600722BC1 = {
			isa = PBXGroup;
			children = (
				02610F4D2B3E86B600722BC1 /* Quizeee */,
				02610F642B3E86B900722BC1 /* QuizeeeTests */,
				02610F6E2B3E86B900722BC1 /* QuizeeeUITests */,
				02610F4C2B3E86B600722BC1 /* Products */,
			);
			sourceTree = "<group>";
		};
		02610F4C2B3E86B600722BC1 /* Products */ = {
			isa = PBXGroup;
			children = (
				02610F4B2B3E86B600722BC1 /* Quizeee.app */,
				02610F612B3E86B900722BC1 /* QuizeeeTests.xctest */,
				02610F6B2B3E86B900722BC1 /* QuizeeeUITests.xctest */,
			);
			name = Products;
			sourceTree = "<group>";
		};
		02610F4D2B3E86B600722BC1 /* Quizeee */ = {
			isa = PBXGroup;
			children = (
				02610F4E2B3E86B600722BC1 /* AppDelegate.swift */,
				02610F502B3E86B600722BC1 /* SceneDelegate.swift */,
				02610F522B3E86B600722BC1 /* ViewController.swift */,
				02610F542B3E86B600722BC1 /* Main.storyboard */,
				02610F572B3E86B800722BC1 /* Assets.xcassets */,
				02610F592B3E86B900722BC1 /* LaunchScreen.storyboard */,
				02610F5C2B3E86B900722BC1 /* Info.plist */,
			);
			path = Quizeee;
			sourceTree = "<group>";
		};
		02610F642B3E86B900722BC1 /* QuizeeeTests */ = {
			isa = PBXGroup;
			children = (
				02610F652B3E86B900722BC1 /* QuizeeeTests.swift */,
			);
			path = QuizeeeTests;
			sourceTree = "<group>";
		};
		02610F6E2B3E86B900722BC1 /* QuizeeeUITests */ = {
			isa = PBXGroup;
			children = (
				02610F6F2B3E86B900722BC1 /* QuizeeeUITests.swift */,
				02610F712B3E86B900722BC1 /* QuizeeeUITestsLaunchTests.swift */,
			);
			path = QuizeeeUITests;
			sourceTree = "<group>";
		};
/* End PBXGroup section */

/* Begin PBXNativeTarget section */
		02610F4A2B3E86B600722BC1 /* Quizeee */ = {
			isa = PBXNativeTarget;
			buildConfigurationList = 02610F752B3E86B900722BC1 /* Build configuration list for PBXNativeTarget "Quizeee" */;
			buildPhases = (
				02610F472B3E86B600722BC1 /* Sources */,
				02610F482B3E86B600722BC1 /* Frameworks */,
				02610F492B3E86B600722BC1 /* Resources */,
			);
			buildRules = (
			);
			dependencies = (
			);
			name = Quizeee;
			productName = Quizeee;
			productReference = 02610F4B2B3E86B600722BC1 /* Quizeee.app */;
			productType = "com.apple.product-type.application";
		};
		02610F602B3E86B900722BC1 /* QuizeeeTests */ = {
			isa = PBXNativeTarget;
			buildConfigurationList = 02610F782B3E86B900722BC1 /* Build configuration list for PBXNativeTarget "QuizeeeTests" */;
			buildPhases = (
				02610F5D2B3E86B900722BC1 /* Sources */,
				02610F5E2B3E86B900722BC1 /* Frameworks */,
				02610F5F2B3E86B900722BC1 /* Resources */,
			);
			buildRules = (
			);
			dependencies = (
				02610F632B3E86B900722BC1 /* PBXTargetDependency */,
			);
			name = QuizeeeTests;
			productName = QuizeeeTests;
			productReference = 02610F612B3E86B900722BC1 /* QuizeeeTests.xctest */;
			productType = "com.apple.product-type.bundle.unit-test";
		};
		02610F6A2B3E86B900722BC1 /* QuizeeeUITests */ = {
			isa = PBXNativeTarget;
			buildConfigurationList = 02610F7B2B3E86B900722BC1 /* Build configuration list for PBXNativeTarget "QuizeeeUITests" */;
			buildPhases = (
				02610F672B3E86B900722BC1 /* Sources */,
				02610F682B3E86B900722BC1 /* Frameworks */,
				02610F692B3E86B900722BC1 /* Resources */,
			);
			buildRules = (
			);
			dependencies = (
				02610F6D2B3E86B900722BC1 /* PBXTargetDependency */,
			);
			name = QuizeeeUITests;
			productName = QuizeeeUITests;
			productReference = 02610F6B2B3E86B900722BC1 /* QuizeeeUITests.xctest */;
			productType = "com.apple.product-type.bundle.ui-testing";
		};
/* End PBXNativeTarget section */

/* Begin PBXProject section */
		02610F432B3E86B600722BC1 /* Project object */ = {
			isa = PBXProject;
			attributes = {
				BuildIndependentTargetsInParallel = 1;
				LastSwiftUpdateCheck = 1430;
				LastUpgradeCheck = 1430;
				TargetAttributes = {
					02610F4A2B3E86B600722BC1 = {
						CreatedOnToolsVersion = 14.3;
					};
					02610F602B3E86B900722BC1 = {
						CreatedOnToolsVersion = 14.3;
						TestTargetID = 02610F4A2B3E86B600722BC1;
					};
					02610F6A2B3E86B900722BC1 = {
						CreatedOnToolsVersion = 14.3;
						TestTargetID = 02610F4A2B3E86B600722BC1;
					};
				};
			};
			buildConfigurationList = 02610F462B3E86B600722BC1 /* Build configuration list for PBXProject "Quizeee" */;
			compatibilityVersion = "Xcode 14.0";
			developmentRegion = en;
			hasScannedForEncodings = 0;
			knownRegions = (
				en,
				Base,
			);
			mainGroup = 02610F422B3E86B600722BC1;
			productRefGroup = 02610F4C2B3E86B600722BC1 /* Products */;
			projectDirPath = "";
			projectRoot = "";
			targets = (
				02610F4A2B3E86B600722BC1 /* Quizeee */,
				02610F602B3E86B900722BC1 /* QuizeeeTests */,
				02610F6A2B3E86B900722BC1 /* QuizeeeUITests */,
			);
		};
/* End PBXProject section */

/* Begin PBXResourcesBuildPhase section */
		02610F492B3E86B600722BC1 /* Resources */ = {
			isa = PBXResourcesBuildPhase;
			buildActionMask = 2147483647;
			files = (
				02610F5B2B3E86B900722BC1 /* LaunchScreen.storyboard in Resources */,
				02610F582B3E86B900722BC1 /* Assets.xcassets in Resources */,
				02610F562B3E86B600722BC1 /* Main.storyboard in Resources */,
			);
			runOnlyForDeploymentPostprocessing = 0;
		};
		02610F5F2B3E86B900722BC1 /* Resources */ = {
			isa = PBXResourcesBuildPhase;
			buildActionMask = 2147483647;
			files = (
			);
			runOnlyForDeploymentPostprocessing = 0;
		};
		02610F692B3E86B900722BC1 /* Resources */ = {
			isa = PBXResourcesBuildPhase;
			buildActionMask = 2147483647;
			files = (
			);
			runOnlyForDeploymentPostprocessing = 0;
		};
/* End PBXResourcesBuildPhase section */

/* Begin PBXSourcesBuildPhase section */
		02610F472B3E86B600722BC1 /* Sources */ = {
			isa = PBXSourcesBuildPhase;
			buildActionMask = 2147483647;
			files = (
				02610F532B3E86B600722BC1 /* ViewController.swift in Sources */,
				02610F4F2B3E86B600722BC1 /* AppDelegate.swift in Sources */,
				02610F512B3E86B600722BC1 /* SceneDelegate.swift in Sources */,
			);
			runOnlyForDeploymentPostprocessing = 0;
		};
		02610F5D2B3E86B900722BC1 /* Sources */ = {
			isa = PBXSourcesBuildPhase;
			buildActionMask = 2147483647;
			files = (
				02610F662B3E86B900722BC1 /* QuizeeeTests.swift in Sources */,
			);
			runOnlyForDeploymentPostprocessing = 0;
		};
		02610F672B3E86B900722BC1 /* Sources */ = {
			isa = PBXSourcesBuildPhase;
			buildActionMask = 2147483647;
			files = (
				02610F702B3E86B900722BC1 /* QuizeeeUITests.swift in Sources */,
				02610F722B3E86B900722BC1 /* QuizeeeUITestsLaunchTests.swift in Sources */,
			);
			runOnlyForDeploymentPostprocessing = 0;
		};
/* End PBXSourcesBuildPhase section */

/* Begin PBXTargetDependency section */
		02610F632B3E86B900722BC1 /* PBXTargetDependency */ = {
			isa = PBXTargetDependency;
			target = 02610F4A2B3E86B600722BC1 /* Quizeee */;
			targetProxy = 02610F622B3E86B900722BC1 /* PBXContainerItemProxy */;
		};
		02610F6D2B3E86B900722BC1 /* PBXTargetDependency */ = {
			isa = PBXTargetDependency;
			target = 02610F4A2B3E86B600722BC1 /* Quizeee */;
			targetProxy = 02610F6C2B3E86B900722BC1 /* PBXContainerItemProxy */;
		};
/* End PBXTargetDependency section */

/* Begin PBXVariantGroup section */
		02610F542B3E86B600722BC1 /* Main.storyboard */ = {
			isa = PBXVariantGroup;
			children = (
				02610F552B3E86B600722BC1 /* Base */,
			);
			name = Main.storyboard;
			sourceTree = "<group>";
		};
		02610F592B3E86B900722BC1 /* LaunchScreen.storyboard */ = {
			isa = PBXVariantGroup;
			children = (
				02610F5A2B3E86B900722BC1 /* Base */,
			);
			name = LaunchScreen.storyboard;
			sourceTree = "<group>";
		};
/* End PBXVariantGroup section */

/* Begin XCBuildConfiguration section */
		02610F732B3E86B900722BC1 /* Debug */ = {
			isa = XCBuildConfiguration;
			buildSettings = {
				ALWAYS_SEARCH_USER_PATHS = NO;
				CLANG_ANALYZER_NONNULL = YES;
				CLANG_ANALYZER_NUMBER_OBJECT_CONVERSION = YES_AGGRESSIVE;
				CLANG_CXX_LANGUAGE_STANDARD = "gnu++20";
				CLANG_ENABLE_MODULES = YES;
				CLANG_ENABLE_OBJC_ARC = YES;
				CLANG_ENABLE_OBJC_WEAK = YES;
				CLANG_WARN_BLOCK_CAPTURE_AUTORELEASING = YES;
				CLANG_WARN_BOOL_CONVERSION = YES;
				CLANG_WARN_COMMA = YES;
				CLANG_WARN_CONSTANT_CONVERSION = YES;
				CLANG_WARN_DEPRECATED_OBJC_IMPLEMENTATIONS = YES;
				CLANG_WARN_DIRECT_OBJC_ISA_USAGE = YES_ERROR;
				CLANG_WARN_DOCUMENTATION_COMMENTS = YES;
				CLANG_WARN_EMPTY_BODY = YES;
				CLANG_WARN_ENUM_CONVERSION = YES;
				CLANG_WARN_INFINITE_RECURSION = YES;
				CLANG_WARN_INT_CONVERSION = YES;
				CLANG_WARN_NON_LITERAL_NULL_CONVERSION = YES;
				CLANG_WARN_OBJC_IMPLICIT_RETAIN_SELF = YES;
				CLANG_WARN_OBJC_LITERAL_CONVERSION = YES;
				CLANG_WARN_OBJC_ROOT_CLASS = YES_ERROR;
				CLANG_WARN_QUOTED_INCLUDE_IN_FRAMEWORK_HEADER = YES;
				CLANG_WARN_RANGE_LOOP_ANALYSIS = YES;
				CLANG_WARN_STRICT_PROTOTYPES = YES;
				CLANG_WARN_SUSPICIOUS_MOVE = YES;
				CLANG_WARN_UNGUARDED_AVAILABILITY = YES_AGGRESSIVE;
				CLANG_WARN_UNREACHABLE_CODE = YES;
				CLANG_WARN__DUPLICATE_METHOD_MATCH = YES;
				COPY_PHASE_STRIP = NO;
				DEBUG_INFORMATION_FORMAT = dwarf;
				ENABLE_STRICT_OBJC_MSGSEND = YES;
				ENABLE_TESTABILITY = YES;
				GCC_C_LANGUAGE_STANDARD = gnu11;
				GCC_DYNAMIC_NO_PIC = NO;
				GCC_NO_COMMON_BLOCKS = YES;
				GCC_OPTIMIZATION_LEVEL = 0;
				GCC_PREPROCESSOR_DEFINITIONS = (
					"DEBUG=1",
					"$(inherited)",
				);
				GCC_WARN_64_TO_32_BIT_CONVERSION = YES;
				GCC_WARN_ABOUT_RETURN_TYPE = YES_ERROR;
				GCC_WARN_UNDECLARED_SELECTOR = YES;
				GCC_WARN_UNINITIALIZED_AUTOS = YES_AGGRESSIVE;
				GCC_WARN_UNUSED_FUNCTION = YES;
				GCC_WARN_UNUSED_VARIABLE = YES;
				IPHONEOS_DEPLOYMENT_TARGET = 16.4;
				MTL_ENABLE_DEBUG_INFO = INCLUDE_SOURCE;
				MTL_FAST_MATH = YES;
				ONLY_ACTIVE_ARCH = YES;
				SDKROOT = iphoneos;
				SWIFT_ACTIVE_COMPILATION_CONDITIONS = DEBUG;
				SWIFT_OPTIMIZATION_LEVEL = "-Onone";
			};
			name = Debug;
		};
		02610F742B3E86B900722BC1 /* Release */ = {
			isa = XCBuildConfiguration;
			buildSettings = {
				ALWAYS_SEARCH_USER_PATHS = NO;
				CLANG_ANALYZER_NONNULL = YES;
				CLANG_ANALYZER_NUMBER_OBJECT_CONVERSION = YES_AGGRESSIVE;
				CLANG_CXX_LANGUAGE_STANDARD = "gnu++20";
				CLANG_ENABLE_MODULES = YES;
				CLANG_ENABLE_OBJC_ARC = YES;
				CLANG_ENABLE_OBJC_WEAK = YES;
				CLANG_WARN_BLOCK_CAPTURE_AUTORELEASING = YES;
				CLANG_WARN_BOOL_CONVERSION = YES;
				CLANG_WARN_COMMA = YES;
				CLANG_WARN_CONSTANT_CONVERSION = YES;
				CLANG_WARN_DEPRECATED_OBJC_IMPLEMENTATIONS = YES;
				CLANG_WARN_DIRECT_OBJC_ISA_USAGE = YES_ERROR;
				CLANG_WARN_DOCUMENTATION_COMMENTS = YES;
				CLANG_WARN_EMPTY_BODY = YES;
				CLANG_WARN_ENUM_CONVERSION = YES;
				CLANG_WARN_INFINITE_RECURSION = YES;
				CLANG_WARN_INT_CONVERSION = YES;
				CLANG_WARN_NON_LITERAL_NULL_CONVERSION = YES;
				CLANG_WARN_OBJC_IMPLICIT_RETAIN_SELF = YES;
				CLANG_WARN_OBJC_LITERAL_CONVERSION = YES;
				CLANG_WARN_OBJC_ROOT_CLASS = YES_ERROR;
				CLANG_WARN_QUOTED_INCLUDE_IN_FRAMEWORK_HEADER = YES;
				CLANG_WARN_RANGE_LOOP_ANALYSIS = YES;
				CLANG_WARN_STRICT_PROTOTYPES = YES;
				CLANG_WARN_SUSPICIOUS_MOVE = YES;
				CLANG_WARN_UNGUARDED_AVAILABILITY = YES_AGGRESSIVE;
				CLANG_WARN_UNREACHABLE_CODE = YES;
				CLANG_WARN__DUPLICATE_METHOD_MATCH = YES;
				COPY_PHASE_STRIP = NO;
				DEBUG_INFORMATION_FORMAT = "dwarf-with-dsym";
				ENABLE_NS_ASSERTIONS = NO;
				ENABLE_STRICT_OBJC_MSGSEND = YES;
				GCC_C_LANGUAGE_STANDARD = gnu11;
				GCC_NO_COMMON_BLOCKS = YES;
				GCC_WARN_64_TO_32_BIT_CONVERSION = YES;
				GCC_WARN_ABOUT_RETURN_TYPE = YES_ERROR;
				GCC_WARN_UNDECLARED_SELECTOR = YES;
				GCC_WARN_UNINITIALIZED_AUTOS = YES_AGGRESSIVE;
				GCC_WARN_UNUSED_FUNCTION = YES;
				GCC_WARN_UNUSED_VARIABLE = YES;
				IPHONEOS_DEPLOYMENT_TARGET = 16.4;
				MTL_ENABLE_DEBUG_INFO = NO;
				MTL_FAST_MATH = YES;
				SDKROOT = iphoneos;
				SWIFT_COMPILATION_MODE = wholemodule;
				SWIFT_OPTIMIZATION_LEVEL = "-O";
				VALIDATE_PRODUCT = YES;
			};
			name = Release;
		};
		02610F762B3E86B900722BC1 /* Debug */ = {
			isa = XCBuildConfiguration;
			buildSettings = {
				ASSETCATALOG_COMPILER_APPICON_NAME = AppIcon;
				ASSETCATALOG_COMPILER_GLOBAL_ACCENT_COLOR_NAME = AccentColor;
				CODE_SIGN_STYLE = Automatic;
				CURRENT_PROJECT_VERSION = 1;
				GENERATE_INFOPLIST_FILE = YES;
				INFOPLIST_FILE = Quizeee/Info.plist;
				INFOPLIST_KEY_UIApplicationSupportsIndirectInputEvents = YES;
				INFOPLIST_KEY_UILaunchStoryboardName = LaunchScreen;
				INFOPLIST_KEY_UIMainStoryboardFile = Main;
				INFOPLIST_KEY_UISupportedInterfaceOrientations_iPad = "UIInterfaceOrientationPortrait UIInterfaceOrientationPortraitUpsideDown UIInterfaceOrientationLandscapeLeft UIInterfaceOrientationLandscapeRight";
				INFOPLIST_KEY_UISupportedInterfaceOrientations_iPhone = "UIInterfaceOrientationPortrait UIInterfaceOrientationLandscapeLeft UIInterfaceOrientationLandscapeRight";
				LD_RUNPATH_SEARCH_PATHS = (
					"$(inherited)",
					"@executable_path/Frameworks",
				);
				MARKETING_VERSION = 1.0;
				PRODUCT_BUNDLE_IDENTIFIER = app.Quizeee;
				PRODUCT_NAME = "$(TARGET_NAME)";
				SWIFT_EMIT_LOC_STRINGS = YES;
				SWIFT_VERSION = 5.0;
				TARGETED_DEVICE_FAMILY = "1,2";
			};
			name = Debug;
		};
		02610F772B3E86B900722BC1 /* Release */ = {
			isa = XCBuildConfiguration;
			buildSettings = {
				ASSETCATALOG_COMPILER_APPICON_NAME = AppIcon;
				ASSETCATALOG_COMPILER_GLOBAL_ACCENT_COLOR_NAME = AccentColor;
				CODE_SIGN_STYLE = Automatic;
				CURRENT_PROJECT_VERSION = 1;
				GENERATE_INFOPLIST_FILE = YES;
				INFOPLIST_FILE = Quizeee/Info.plist;
				INFOPLIST_KEY_UIApplicationSupportsIndirectInputEvents = YES;
				INFOPLIST_KEY_UILaunchStoryboardName = LaunchScreen;
				INFOPLIST_KEY_UIMainStoryboardFile = Main;
				INFOPLIST_KEY_UISupportedInterfaceOrientations_iPad = "UIInterfaceOrientationPortrait UIInterfaceOrientationPortraitUpsideDown UIInterfaceOrientationLandscapeLeft UIInterfaceOrientationLandscapeRight";
				INFOPLIST_KEY_UISupportedInterfaceOrientations_iPhone = "UIInterfaceOrientationPortrait UIInterfaceOrientationLandscapeLeft UIInterfaceOrientationLandscapeRight";
				LD_RUNPATH_SEARCH_PATHS = (
					"$(inherited)",
					"@executable_path/Frameworks",
				);
				MARKETING_VERSION = 1.0;
				PRODUCT_BUNDLE_IDENTIFIER = app.Quizeee;
				PRODUCT_NAME = "$(TARGET_NAME)";
				SWIFT_EMIT_LOC_STRINGS = YES;
				SWIFT_VERSION = 5.0;
				TARGETED_DEVICE_FAMILY = "1,2";
			};
			name = Release;
		};
		02610F792B3E86B900722BC1 /* Debug */ = {
			isa = XCBuildConfiguration;
			buildSettings = {
				ALWAYS_EMBED_SWIFT_STANDARD_LIBRARIES = YES;
				BUNDLE_LOADER = "$(TEST_HOST)";
				CODE_SIGN_STYLE = Automatic;
				CURRENT_PROJECT_VERSION = 1;
				GENERATE_INFOPLIST_FILE = YES;
				IPHONEOS_DEPLOYMENT_TARGET = 16.4;
				MARKETING_VERSION = 1.0;
				PRODUCT_BUNDLE_IDENTIFIER = app.QuizeeeTests;
				PRODUCT_NAME = "$(TARGET_NAME)";
				SWIFT_EMIT_LOC_STRINGS = NO;
				SWIFT_VERSION = 5.0;
				TARGETED_DEVICE_FAMILY = "1,2";
				TEST_HOST = "$(BUILT_PRODUCTS_DIR)/Quizeee.app/$(BUNDLE_EXECUTABLE_FOLDER_PATH)/Quizeee";
			};
			name = Debug;
		};
		02610F7A2B3E86B900722BC1 /* Release */ = {
			isa = XCBuildConfiguration;
			buildSettings = {
				ALWAYS_EMBED_SWIFT_STANDARD_LIBRARIES = YES;
				BUNDLE_LOADER = "$(TEST_HOST)";
				CODE_SIGN_STYLE = Automatic;
				CURRENT_PROJECT_VERSION = 1;
				GENERATE_INFOPLIST_FILE = YES;
				IPHONEOS_DEPLOYMENT_TARGET = 16.4;
				MARKETING_VERSION = 1.0;
				PRODUCT_BUNDLE_IDENTIFIER = app.QuizeeeTests;
				PRODUCT_NAME = "$(TARGET_NAME)";
				SWIFT_EMIT_LOC_STRINGS = NO;
				SWIFT_VERSION = 5.0;
				TARGETED_DEVICE_FAMILY = "1,2";
				TEST_HOST = "$(BUILT_PRODUCTS_DIR)/Quizeee.app/$(BUNDLE_EXECUTABLE_FOLDER_PATH)/Quizeee";
			};
			name = Release;
		};
		02610F7C2B3E86B900722BC1 /* Debug */ = {
			isa = XCBuildConfiguration;
			buildSettings = {
				ALWAYS_EMBED_SWIFT_STANDARD_LIBRARIES = YES;
				CODE_SIGN_STYLE = Automatic;
				CURRENT_PROJECT_VERSION = 1;
				GENERATE_INFOPLIST_FILE = YES;
				MARKETING_VERSION = 1.0;
				PRODUCT_BUNDLE_IDENTIFIER = app.QuizeeeUITests;
				PRODUCT_NAME = "$(TARGET_NAME)";
				SWIFT_EMIT_LOC_STRINGS = NO;
				SWIFT_VERSION = 5.0;
				TARGETED_DEVICE_FAMILY = "1,2";
				TEST_TARGET_NAME = Quizeee;
			};
			name = Debug;
		};
		02610F7D2B3E86B900722BC1 /* Release */ = {
			isa = XCBuildConfiguration;
			buildSettings = {
				ALWAYS_EMBED_SWIFT_STANDARD_LIBRARIES = YES;
				CODE_SIGN_STYLE = Automatic;
				CURRENT_PROJECT_VERSION = 1;
				GENERATE_INFOPLIST_FILE = YES;
				MARKETING_VERSION = 1.0;
				PRODUCT_BUNDLE_IDENTIFIER = app.QuizeeeUITests;
				PRODUCT_NAME = "$(TARGET_NAME)";
				SWIFT_EMIT_LOC_STRINGS = NO;
				SWIFT_VERSION = 5.0;
				TARGETED_DEVICE_FAMILY = "1,2";
				TEST_TARGET_NAME = Quizeee;
			};
			name = Release;
		};
/* End XCBuildConfiguration section */

/* Begin XCConfigurationList section */
		02610F462B3E86B600722BC1 /* Build configuration list for PBXProject "Quizeee" */ = {
			isa = XCConfigurationList;
			buildConfigurations = (
				02610F732B3E86B900722BC1 /* Debug */,
				02610F742B3E86B900722BC1 /* Release */,
			);
			defaultConfigurationIsVisible = 0;
			defaultConfigurationName = Release;
		};
		02610F752B3E86B900722BC1 /* Build configuration list for PBXNativeTarget "Quizeee" */ = {
			isa = XCConfigurationList;
			buildConfigurations = (
				02610F762B3E86B900722BC1 /* Debug */,
				02610F772B3E86B900722BC1 /* Release */,
			);
			defaultConfigurationIsVisible = 0;
			defaultConfigurationName = Release;
		};
		02610F782B3E86B900722BC1 /* Build configuration list for PBXNativeTarget "QuizeeeTests" */ = {
			isa = XCConfigurationList;
			buildConfigurations = (
				02610F792B3E86B900722BC1 /* Debug */,
				02610F7A2B3E86B900722BC1 /* Release */,
			);
			defaultConfigurationIsVisible = 0;
			defaultConfigurationName = Release;
		};
		02610F7B2B3E86B900722BC1 /* Build configuration list for PBXNativeTarget "QuizeeeUITests" */ = {
			isa = XCConfigurationList;
			buildConfigurations = (
				02610F7C2B3E86B900722BC1 /* Debug */,
				02610F7D2B3E86B900722BC1 /* Release */,
			);
			defaultConfigurationIsVisible = 0;
			defaultConfigurationName = Release;
		};
/* End XCConfigurationList section */
	};
	rootObject = 02610F432B3E86B600722BC1 /* Project object */;
}
